
Microsoft Visual Studio Solution File, Format Version 12.00
# Visual Studio Version 16
VisualStudioVersion = 16.0.31129.286
MinimumVisualStudioVersion = 10.0.40219.1
Project("{FAE04EC0-301F-11D3-BF4B-00C04F79EFBC}") = "MVC-Data", "MVC-Data\MVC-Data.csproj", "{40D3DF16-EA4D-4FD7-8750-298DDA0E7195}"
EndProject
Global
	GlobalSection(SolutionConfigurationPlatforms) = preSolution
		Debug|Any CPU = Debug|Any CPU
		Release|Any CPU = Release|Any CPU
	EndGlobalSection
	GlobalSection(ProjectConfigurationPlatforms) = postSolution
		{40D3DF16-EA4D-4FD7-8750-298DDA0E7195}.Debug|Any CPU.ActiveCfg = Debug|Any CPU
		{40D3DF16-EA4D-4FD7-8750-298DDA0E7195}.Debug|Any CPU.Build.0 = Debug|Any CPU
		{40D3DF16-EA4D-4FD7-8750-298DDA0E7195}.Release|Any CPU.ActiveCfg = Release|Any CPU
		{40D3DF16-EA4D-4FD7-8750-298DDA0E7195}.Release|Any CPU.Build.0 = Release|Any CPU
	EndGlobalSection
	GlobalSection(SolutionProperties) = preSolution
		HideSolutionNode = FALSE
	EndGlobalSection
	GlobalSection(ExtensibilityGlobals) = postSolution
		SolutionGuid = {8468A4B5-DE83-4609-96DF-A30143E83A65}
	EndGlobalSection
EndGlobal
